
Microsoft Visual Studio Solution File, Format Version 12.00
# Visual Studio Version 17
VisualStudioVersion = 17.0.32112.339
MinimumVisualStudioVersion = 10.0.40219.1
Project("{9A19103F-16F7-4668-BE54-9A1E7A4F7556}") = "TargetPriorityOrdering", "TargetPriorityOrdering\TargetPriorityOrdering.csproj", "{1C444826-8458-4AA9-8456-71AC46EB3293}"
EndProject
Project("{9A19103F-16F7-4668-BE54-9A1E7A4F7556}") = "MorePriorities", "MorePriorities\MorePriorities.csproj", "{0924B1B6-110E-49EF-94D9-08ED2CF1F0A6}"
EndProject
Project("{2150E333-8FDC-42A3-9474-1A3956D46DE8}") = "Solution Items", "Solution Items", "{17818F87-3991-4651-85D8-212195AA45CF}"
	ProjectSection(SolutionItems) = preProject
		.editorconfig = .editorconfig
		.gitignore = .gitignore
		LICENSE = LICENSE
		NuGet.Config = NuGet.Config
		README.md = README.md
	EndProjectSection
EndProject
Project("{FAE04EC0-301F-11D3-BF4B-00C04F79EFBC}") = "DisableProgression", "DisableProgression\DisableProgression.csproj", "{C7289855-7427-4AC5-B0CA-0147AF00E970}"
EndProject
Global
	GlobalSection(SolutionConfigurationPlatforms) = preSolution
		Debug|Any CPU = Debug|Any CPU
		Release|Any CPU = Release|Any CPU
	EndGlobalSection
	GlobalSection(ProjectConfigurationPlatforms) = postSolution
		{1C444826-8458-4AA9-8456-71AC46EB3293}.Debug|Any CPU.ActiveCfg = Debug|Any CPU
		{1C444826-8458-4AA9-8456-71AC46EB3293}.Debug|Any CPU.Build.0 = Debug|Any CPU
		{1C444826-8458-4AA9-8456-71AC46EB3293}.Release|Any CPU.ActiveCfg = Release|Any CPU
		{1C444826-8458-4AA9-8456-71AC46EB3293}.Release|Any CPU.Build.0 = Release|Any CPU
		{0924B1B6-110E-49EF-94D9-08ED2CF1F0A6}.Debug|Any CPU.ActiveCfg = Debug|Any CPU
		{0924B1B6-110E-49EF-94D9-08ED2CF1F0A6}.Debug|Any CPU.Build.0 = Debug|Any CPU
		{0924B1B6-110E-49EF-94D9-08ED2CF1F0A6}.Release|Any CPU.ActiveCfg = Release|Any CPU
		{0924B1B6-110E-49EF-94D9-08ED2CF1F0A6}.Release|Any CPU.Build.0 = Release|Any CPU
		{C7289855-7427-4AC5-B0CA-0147AF00E970}.Debug|Any CPU.ActiveCfg = Debug|Any CPU
		{C7289855-7427-4AC5-B0CA-0147AF00E970}.Debug|Any CPU.Build.0 = Debug|Any CPU
		{C7289855-7427-4AC5-B0CA-0147AF00E970}.Release|Any CPU.ActiveCfg = Release|Any CPU
		{C7289855-7427-4AC5-B0CA-0147AF00E970}.Release|Any CPU.Build.0 = Release|Any CPU
	EndGlobalSection
	GlobalSection(SolutionProperties) = preSolution
		HideSolutionNode = FALSE
	EndGlobalSection
	GlobalSection(ExtensibilityGlobals) = postSolution
		SolutionGuid = {A726DDBD-1F9C-4BBD-8D95-E82C28F3598F}
	EndGlobalSection
EndGlobal
